
Microsoft Visual Studio Solution File, Format Version 12.00
# Visual Studio Version 17
VisualStudioVersion = 17.0.32014.148
MinimumVisualStudioVersion = 10.0.40219.1
Project("{FAE04EC0-301F-11D3-BF4B-00C04F79EFBC}") = "MVC_GIT_REPO", "MVC_GIT_REPO\MVC_GIT_REPO.csproj", "{7A770360-8F16-4024-911E-A69C8BE58659}"
EndProject
Global
	GlobalSection(SolutionConfigurationPlatforms) = preSolution
		Debug|Any CPU = Debug|Any CPU
		Release|Any CPU = Release|Any CPU
	EndGlobalSection
	GlobalSection(ProjectConfigurationPlatforms) = postSolution
		{7A770360-8F16-4024-911E-A69C8BE58659}.Debug|Any CPU.ActiveCfg = Debug|Any CPU
		{7A770360-8F16-4024-911E-A69C8BE58659}.Debug|Any CPU.Build.0 = Debug|Any CPU
		{7A770360-8F16-4024-911E-A69C8BE58659}.Release|Any CPU.ActiveCfg = Release|Any CPU
		{7A770360-8F16-4024-911E-A69C8BE58659}.Release|Any CPU.Build.0 = Release|Any CPU
	EndGlobalSection
	GlobalSection(SolutionProperties) = preSolution
		HideSolutionNode = FALSE
	EndGlobalSection
	GlobalSection(ExtensibilityGlobals) = postSolution
		SolutionGuid = {EDAA215E-B833-4C04-ACB3-182442B58F25}
	EndGlobalSection
EndGlobal
